# This file is automatically @generated by Cargo.
# It is not intended for manual editing.
[[package]]
name = "glam"
version = "0.12.0"
source = "git+https://github.com/bitshifter/glam-rs#8e3db8e0d061b4bc15e533b84f81ca6900253707"

[[package]]
name = "physics"
version = "0.1.0"
dependencies = [
 "glam",
]
